
Microsoft Visual Studio Solution File, Format Version 12.00
# Visual Studio Version 16
VisualStudioVersion = 16.0.32428.217
MinimumVisualStudioVersion = 10.0.40219.1
Project("{FAE04EC0-301F-11D3-BF4B-00C04F79EFBC}") = "ConsoleApp6", "ConsoleApp6\ConsoleApp6.csproj", "{F67ED974-ED20-41D0-98D8-B56F09F27D08}"
EndProject
Global
	GlobalSection(SolutionConfigurationPlatforms) = preSolution
		Debug|Any CPU = Debug|Any CPU
		Release|Any CPU = Release|Any CPU
	EndGlobalSection
	GlobalSection(ProjectConfigurationPlatforms) = postSolution
		{F67ED974-ED20-41D0-98D8-B56F09F27D08}.Debug|Any CPU.ActiveCfg = Debug|Any CPU
		{F67ED974-ED20-41D0-98D8-B56F09F27D08}.Debug|Any CPU.Build.0 = Debug|Any CPU
		{F67ED974-ED20-41D0-98D8-B56F09F27D08}.Release|Any CPU.ActiveCfg = Release|Any CPU
		{F67ED974-ED20-41D0-98D8-B56F09F27D08}.Release|Any CPU.Build.0 = Release|Any CPU
	EndGlobalSection
	GlobalSection(SolutionProperties) = preSolution
		HideSolutionNode = FALSE
	EndGlobalSection
	GlobalSection(ExtensibilityGlobals) = postSolution
		SolutionGuid = {0EEBBAA6-69FD-4E3B-8B1B-E3D535610C3E}
	EndGlobalSection
EndGlobal
